
Microsoft Visual Studio Solution File, Format Version 12.00
# Visual Studio Version 16
VisualStudioVersion = 16.0.30114.105
MinimumVisualStudioVersion = 10.0.40219.1
Project("{FAE04EC0-301F-11D3-BF4B-00C04F79EFBC}") = "CRUDApplication", "CRUDApplication\CRUDApplication.csproj", "{3EDCF4CA-5584-41CD-9930-CA4BE902A754}"
EndProject
Global
	GlobalSection(SolutionConfigurationPlatforms) = preSolution
		Debug|Any CPU = Debug|Any CPU
		Release|Any CPU = Release|Any CPU
	EndGlobalSection
	GlobalSection(ProjectConfigurationPlatforms) = postSolution
		{3EDCF4CA-5584-41CD-9930-CA4BE902A754}.Debug|Any CPU.ActiveCfg = Debug|Any CPU
		{3EDCF4CA-5584-41CD-9930-CA4BE902A754}.Debug|Any CPU.Build.0 = Debug|Any CPU
		{3EDCF4CA-5584-41CD-9930-CA4BE902A754}.Release|Any CPU.ActiveCfg = Release|Any CPU
		{3EDCF4CA-5584-41CD-9930-CA4BE902A754}.Release|Any CPU.Build.0 = Release|Any CPU
	EndGlobalSection
	GlobalSection(SolutionProperties) = preSolution
		HideSolutionNode = FALSE
	EndGlobalSection
	GlobalSection(ExtensibilityGlobals) = postSolution
		SolutionGuid = {81DBF359-B615-48E4-8EBB-D536A3BF92B1}
	EndGlobalSection
EndGlobal
